<?xml version="1.0" encoding="utf-8"?>
<Project ToolsVersion="4.0" xmlns="http://schemas.microsoft.com/developer/msbuild/2003">
  <ItemGroup>
    <Filter Include="Source Files">
      <UniqueIdentifier>{4FC737F1-C7A5-4376-A066-2A32D752A2FF}</UniqueIdentifier>
      <Extensions>cpp;cxx;c;def</Extensions>
    </Filter>
    <Filter Include="Header Files">
      <UniqueIdentifier>{93995380-89BD-4b04-88EB-625FBE52EBFB}</UniqueIdentifier>
      <Extensions>h</Extensions>
    </Filter>
    <Filter Include="Resource Files">
      <UniqueIdentifier>{D9D6E242-F8AF-46E4-B9FD-80ECBC20BA3E}</UniqueIdentifier>
      <Extensions>qrc;*</Extensions>
      <ParseFiles>false</ParseFiles>
    </Filter>
    <Filter Include="Generated Files">
      <UniqueIdentifier>{71ED8ED8-ACB9-4CE9-BBE1-E00B30144E11}</UniqueIdentifier>
      <Extensions>moc;h;cpp</Extensions>
      <SourceControlFiles>False</SourceControlFiles>
    </Filter>
    <Filter Include="Header Files\message">
      <UniqueIdentifier>{5052c77b-f029-4973-80e9-f3d066c60233}</UniqueIdentifier>
    </Filter>
    <Filter Include="Source Files\message">
      <UniqueIdentifier>{b0d2f7a6-3b9d-4fe3-9dbc-dda033a76526}</UniqueIdentifier>
    </Filter>
    <Filter Include="Header Files\protocol">
      <UniqueIdentifier>{1339914a-b4f0-478f-9ffe-94fdaa4e76e1}</UniqueIdentifier>
    </Filter>
    <Filter Include="Header Files\io">
      <UniqueIdentifier>{2cf44ed7-7ce2-41c0-8688-ef06ba840b5f}</UniqueIdentifier>
    </Filter>
  </ItemGroup>
  <ItemGroup>
    <ClCompile Include="main.cpp">
      <Filter>Source Files</Filter>
    </ClCompile>
    <ClCompile Include="..\..\..\cxxcommon\message\io_bytearray.cpp">
      <Filter>Source Files\message</Filter>
    </ClCompile>
    <ClCompile Include="..\..\..\cxxcommon\message\message.cpp">
      <Filter>Source Files\message</Filter>
    </ClCompile>
    <ClCompile Include="..\..\..\cxxcommon\message\message_body_factory.cpp">
      <Filter>Source Files\message</Filter>
    </ClCompile>
    <ClCompile Include="..\..\..\cxxcommon\message\message_header.cpp">
      <Filter>Source Files\message</Filter>
    </ClCompile>
    <ClCompile Include="..\..\..\cxxcommon\message\message_login.cpp">
      <Filter>Source Files\message</Filter>
    </ClCompile>
    <ClCompile Include="..\..\..\cxxcommon\message\message_login_rep.cpp">
      <Filter>Source Files\message</Filter>
    </ClCompile>
    <ClCompile Include="..\..\..\cxxcommon\message\message_error_info.cpp">
      <Filter>Source Files\message</Filter>
    </ClCompile>
    <ClCompile Include="..\..\..\cxxcommon\message\message_get_devices_info_rep.cpp">
      <Filter>Source Files\message</Filter>
    </ClCompile>
    <ClCompile Include="..\..\..\cxxcommon\message\message_broadcast_device_realtime_data.cpp">
      <Filter>Source Files\message</Filter>
    </ClCompile>
    <ClCompile Include="..\..\..\cxxcommon\message\message_device_item_info.cpp">
      <Filter>Source Files\message</Filter>
    </ClCompile>
    <ClCompile Include="..\..\..\cxxcommon\message\message_device_realtime_data.cpp">
      <Filter>Source Files\message</Filter>
    </ClCompile>
    <ClCompile Include="..\..\..\cxxcommon\message\message_devices_list_item.cpp">
      <Filter>Source Files\message</Filter>
    </ClCompile>
    <ClCompile Include="..\..\..\cxxcommon\message\message_get_device_list_rep.cpp">
      <Filter>Source Files\message</Filter>
    </ClCompile>
    <ClCompile Include="..\..\..\cxxcommon\message\message_unrecognized_body_type.cpp">
      <Filter>Source Files\message</Filter>
    </ClCompile>
    <ClCompile Include="..\..\..\cxxcommon\message\message_get_devices_info_req.cpp">
      <Filter>Source Files\message</Filter>
    </ClCompile>
    <ClCompile Include="..\..\..\cxxcommon\message\message_device_id.cpp">
      <Filter>Source Files\message</Filter>
    </ClCompile>
    <ClCompile Include="..\..\..\cxxcommon\message\message_get_device_online_status.cpp">
      <Filter>Source Files\message</Filter>
    </ClCompile>
    <ClCompile Include="..\..\..\cxxcommon\message\message_get_device_online_status_rep.cpp">
      <Filter>Source Files\message</Filter>
    </ClCompile>
    <ClCompile Include="..\..\..\cxxcommon\message\message_get_device_online_status_rep_item.cpp">
      <Filter>Source Files\message</Filter>
    </ClCompile>
    <ClCompile Include="..\..\..\cxxcommon\message\message_set_device_param.cpp">
      <Filter>Source Files\message</Filter>
    </ClCompile>
    <ClCompile Include="..\..\..\cxxcommon\message\message_broadcast_device_online_status.cpp">
      <Filter>Source Files\message</Filter>
    </ClCompile>
    <ClCompile Include="..\..\..\cxxcommon\message\message_heartbeat.cpp">
      <Filter>Source Files\message</Filter>
    </ClCompile>
    <ClCompile Include="..\..\..\cxxcommon\message\message_device_data_item.cpp">
      <Filter>Source Files\message</Filter>
    </ClCompile>
    <ClCompile Include="..\..\..\cxxcommon\message\message_get_device_data_count_rep.cpp">
      <Filter>Source Files\message</Filter>
    </ClCompile>
    <ClCompile Include="..\..\..\cxxcommon\message\message_get_device_data_count_req.cpp">
      <Filter>Source Files\message</Filter>
    </ClCompile>
    <ClCompile Include="..\..\..\cxxcommon\message\message_get_device_data_rep.cpp">
      <Filter>Source Files\message</Filter>
    </ClCompile>
    <ClCompile Include="..\..\..\cxxcommon\message\message_get_device_data_req.cpp">
      <Filter>Source Files\message</Filter>
    </ClCompile>
    <ClCompile Include="..\..\..\cxxcommon\message\message_server_time_beijing.cpp">
      <Filter>Source Files\message</Filter>
    </ClCompile>
    <ClCompile Include="..\..\..\cxxcommon\message\message_device_realtime_batched_data.cpp">
      <Filter>Source Files\message</Filter>
    </ClCompile>
    <ClCompile Include="..\..\..\cxxcommon\message\message_device_realtime_data_item.cpp">
      <Filter>Source Files\message</Filter>
    </ClCompile>
  </ItemGroup>
  <ItemGroup>
    <ClInclude Include="..\..\..\cxxcommon\message\i_message.h">
      <Filter>Header Files\message</Filter>
    </ClInclude>
    <ClInclude Include="..\..\..\cxxcommon\message\io_bytearray.h">
      <Filter>Header Files\message</Filter>
    </ClInclude>
    <ClInclude Include="..\..\..\cxxcommon\message\message.h">
      <Filter>Header Files\message</Filter>
    </ClInclude>
    <ClInclude Include="..\..\..\cxxcommon\message\message_body_factory.h">
      <Filter>Header Files\message</Filter>
    </ClInclude>
    <ClInclude Include="..\..\..\cxxcommon\message\message_header.h">
      <Filter>Header Files\message</Filter>
    </ClInclude>
    <ClInclude Include="..\..\..\cxxcommon\message\message_login.h">
      <Filter>Header Files\message</Filter>
    </ClInclude>
    <ClInclude Include="..\..\..\cxxcommon\protocol\protocol_cmd.h">
      <Filter>Header Files\protocol</Filter>
    </ClInclude>
    <ClInclude Include="..\..\..\cxxcommon\protocol\protocol_data_type.h">
      <Filter>Header Files\protocol</Filter>
    </ClInclude>
    <ClInclude Include="..\..\..\cxxcommon\protocol\protocol_structs.h">
      <Filter>Header Files\protocol</Filter>
    </ClInclude>
    <ClInclude Include="src\tcp_client.h">
      <Filter>Header Files\io</Filter>
    </ClInclude>
    <ClInclude Include="..\..\..\cxxcommon\message\message_login_rep.h">
      <Filter>Header Files\message</Filter>
    </ClInclude>
    <ClInclude Include="..\..\..\cxxcommon\message\message_error_info.h">
      <Filter>Header Files\message</Filter>
    </ClInclude>
    <ClInclude Include="..\..\..\cxxcommon\message\message_get_devices_info_rep.h">
      <Filter>Header Files\message</Filter>
    </ClInclude>
    <ClInclude Include="..\..\..\cxxcommon\message\message_broadcast_device_realtime_data.h">
      <Filter>Header Files\message</Filter>
    </ClInclude>
    <ClInclude Include="..\..\..\cxxcommon\message\message_device_item_info.h">
      <Filter>Header Files\message</Filter>
    </ClInclude>
    <ClInclude Include="..\..\..\cxxcommon\message\message_device_realtime_data.h">
      <Filter>Header Files\message</Filter>
    </ClInclude>
    <ClInclude Include="..\..\..\cxxcommon\message\message_devices_list_item.h">
      <Filter>Header Files\message</Filter>
    </ClInclude>
    <ClInclude Include="..\..\..\cxxcommon\message\message_get_device_list_rep.h">
      <Filter>Header Files\message</Filter>
    </ClInclude>
    <ClInclude Include="..\..\..\cxxcommon\message\message_get_devices_info_req.h">
      <Filter>Header Files\message</Filter>
    </ClInclude>
    <ClInclude Include="..\..\..\cxxcommon\message\message_unrecognized_body_type.h">
      <Filter>Header Files\message</Filter>
    </ClInclude>
    <ClInclude Include="..\..\..\cxxcommon\message\message_device_id.h">
      <Filter>Header Files\message</Filter>
    </ClInclude>
    <ClInclude Include="..\..\..\cxxcommon\message\message_broadcast_device_online_status.h">
      <Filter>Header Files\message</Filter>
    </ClInclude>
    <ClInclude Include="..\..\..\cxxcommon\message\message_get_device_online_status.h">
      <Filter>Header Files\message</Filter>
    </ClInclude>
    <ClInclude Include="..\..\..\cxxcommon\message\message_get_device_online_status_rep.h">
      <Filter>Header Files\message</Filter>
    </ClInclude>
    <ClInclude Include="..\..\..\cxxcommon\message\message_get_device_online_status_rep_item.h">
      <Filter>Header Files\message</Filter>
    </ClInclude>
    <ClInclude Include="..\..\..\cxxcommon\message\message_set_device_param.h">
      <Filter>Header Files\message</Filter>
    </ClInclude>
    <ClInclude Include="..\..\..\cxxcommon\message\message_device_data_item.h">
      <Filter>Header Files\message</Filter>
    </ClInclude>
    <ClInclude Include="..\..\..\cxxcommon\message\message_get_device_data_count_rep.h">
      <Filter>Header Files\message</Filter>
    </ClInclude>
    <ClInclude Include="..\..\..\cxxcommon\message\message_get_device_data_count_req.h">
      <Filter>Header Files\message</Filter>
    </ClInclude>
    <ClInclude Include="..\..\..\cxxcommon\message\message_get_device_data_rep.h">
      <Filter>Header Files\message</Filter>
    </ClInclude>
    <ClInclude Include="..\..\..\cxxcommon\message\message_get_device_data_req.h">
      <Filter>Header Files\message</Filter>
    </ClInclude>
    <ClInclude Include="..\..\..\cxxcommon\message\message_server_time_beijing.h">
      <Filter>Source Files\message</Filter>
    </ClInclude>
    <ClInclude Include="..\..\..\cxxcommon\message\message_heartbeat.h">
      <Filter>Header Files\message</Filter>
    </ClInclude>
    <ClInclude Include="..\..\..\cxxcommon\message\message_device_realtime_batched_data.h">
      <Filter>Header Files\message</Filter>
    </ClInclude>
    <ClInclude Include="..\..\..\cxxcommon\message\message_device_realtime_data_item.h">
      <Filter>Header Files\message</Filter>
    </ClInclude>
  </ItemGroup>
</Project>