<?xml version="1.0" encoding="utf-8"?>
<Project ToolsVersion="4.0" xmlns="http://schemas.microsoft.com/developer/msbuild/2003">
  <ItemGroup>
    <Filter Include="Source Files">
      <UniqueIdentifier>{4FC737F1-C7A5-4376-A066-2A32D752A2FF}</UniqueIdentifier>
      <Extensions>cpp;cxx;c;def</Extensions>
    </Filter>
    <Filter Include="Header Files">
      <UniqueIdentifier>{93995380-89BD-4b04-88EB-625FBE52EBFB}</UniqueIdentifier>
      <Extensions>h</Extensions>
    </Filter>
    <Filter Include="Form Files">
      <UniqueIdentifier>{99349809-55BA-4b9d-BF79-8FDBB0286EB3}</UniqueIdentifier>
      <Extensions>ui</Extensions>
    </Filter>
    <Filter Include="Resource Files">
      <UniqueIdentifier>{D9D6E242-F8AF-46E4-B9FD-80ECBC20BA3E}</UniqueIdentifier>
      <Extensions>qrc;*</Extensions>
      <ParseFiles>false</ParseFiles>
    </Filter>
    <Filter Include="Generated Files">
      <UniqueIdentifier>{71ED8ED8-ACB9-4CE9-BBE1-E00B30144E11}</UniqueIdentifier>
      <Extensions>moc;h;cpp</Extensions>
      <SourceControlFiles>False</SourceControlFiles>
    </Filter>
    <Filter Include="Generated Files\Debug">
      <UniqueIdentifier>{ff7f3697-316c-4d8d-92a1-937dd237dbd3}</UniqueIdentifier>
      <Extensions>cpp;moc</Extensions>
      <SourceControlFiles>False</SourceControlFiles>
    </Filter>
    <Filter Include="Generated Files\Release">
      <UniqueIdentifier>{4d3a8932-3dda-4c2d-b855-b95eaa6d974a}</UniqueIdentifier>
      <Extensions>cpp;moc</Extensions>
      <SourceControlFiles>False</SourceControlFiles>
    </Filter>
    <Filter Include="Header Files\ui">
      <UniqueIdentifier>{c8b1825e-d878-4892-be29-a01715652550}</UniqueIdentifier>
    </Filter>
    <Filter Include="Source Files\ui">
      <UniqueIdentifier>{86e4ee78-d5f9-4a6b-a5fc-b15f87e13f9a}</UniqueIdentifier>
    </Filter>
    <Filter Include="Header Files\service">
      <UniqueIdentifier>{186813c6-506c-418b-8967-877e6d852869}</UniqueIdentifier>
    </Filter>
    <Filter Include="Source Files\service">
      <UniqueIdentifier>{3b9e4161-784f-4b75-b0ab-971bf3f90206}</UniqueIdentifier>
    </Filter>
    <Filter Include="Header Files\protocol">
      <UniqueIdentifier>{739330ff-75fb-4d8d-a9af-056aa5d1789a}</UniqueIdentifier>
    </Filter>
    <Filter Include="Header Files\service\socket_service">
      <UniqueIdentifier>{afb1c259-3caa-4f8f-a4b0-a44b7d315212}</UniqueIdentifier>
    </Filter>
    <Filter Include="Source Files\service\socket_service">
      <UniqueIdentifier>{f87b325c-e642-4116-a5f5-e3359803e6e5}</UniqueIdentifier>
    </Filter>
    <Filter Include="Header Files\ui\tree_model">
      <UniqueIdentifier>{ec3e29f2-60ae-4053-869b-ec4ec1353ef7}</UniqueIdentifier>
    </Filter>
    <Filter Include="Source Files\ui\tree_model">
      <UniqueIdentifier>{bdf85358-931b-49a0-afb0-46ed08cf3450}</UniqueIdentifier>
    </Filter>
    <Filter Include="Source Files\ui\forms">
      <UniqueIdentifier>{cca11dec-f34a-4e1b-9710-086ead9f13ef}</UniqueIdentifier>
    </Filter>
    <Filter Include="Resource Files\qss">
      <UniqueIdentifier>{9894bfbe-f6fe-495b-b256-e3045d7230f3}</UniqueIdentifier>
    </Filter>
    <Filter Include="Header Files\state_collector">
      <UniqueIdentifier>{51249581-3cd5-4286-93a3-a16683d1c77b}</UniqueIdentifier>
    </Filter>
    <Filter Include="Header Files\structs">
      <UniqueIdentifier>{23099444-2b81-4051-b323-8d4079c9991e}</UniqueIdentifier>
    </Filter>
    <Filter Include="Header Files\service\session_message_handler">
      <UniqueIdentifier>{b169a44d-ca80-43c0-808f-e616baa0eb21}</UniqueIdentifier>
    </Filter>
    <Filter Include="Header Files\message">
      <UniqueIdentifier>{3ed1809f-b319-419f-b958-14d2c6a2ac4c}</UniqueIdentifier>
    </Filter>
    <Filter Include="Source Files\message">
      <UniqueIdentifier>{0d9c7e83-e15f-4004-8b91-2f38e45e93e5}</UniqueIdentifier>
    </Filter>
    <Filter Include="Header Files\dbg">
      <UniqueIdentifier>{d41e32f8-cfaa-4943-99ae-8bab86f52cae}</UniqueIdentifier>
    </Filter>
    <Filter Include="Header Files\service\task_service">
      <UniqueIdentifier>{42364a11-a8e1-4943-a3d3-968e618b9b68}</UniqueIdentifier>
    </Filter>
    <Filter Include="Header Files\service\log_service">
      <UniqueIdentifier>{9be63a0c-c0a4-4485-8751-0c079ddb4372}</UniqueIdentifier>
    </Filter>
    <Filter Include="Source Files\dbg">
      <UniqueIdentifier>{f4ba6a2e-0f74-422d-b60f-f662b58ff3cf}</UniqueIdentifier>
    </Filter>
    <Filter Include="Header Files\service\configuration_service">
      <UniqueIdentifier>{60ca7c5f-265c-481d-8192-2be1b83df82b}</UniqueIdentifier>
    </Filter>
    <Filter Include="Source Files\service\configuration_service">
      <UniqueIdentifier>{cb16a208-347c-4f1a-a57e-6fa9321aa98f}</UniqueIdentifier>
    </Filter>
    <Filter Include="Source Files\state_collector">
      <UniqueIdentifier>{f3e5aa9c-0956-4c7f-a4fa-f69389c292d6}</UniqueIdentifier>
    </Filter>
    <Filter Include="Source Files\service\log_service">
      <UniqueIdentifier>{08bf6ade-9228-489e-8338-ebfc24fc2853}</UniqueIdentifier>
    </Filter>
    <Filter Include="Header Files\service\db_service">
      <UniqueIdentifier>{9cc2875a-818e-418a-b03d-c56a7b226ca8}</UniqueIdentifier>
    </Filter>
    <Filter Include="Source Files\service\task_service">
      <UniqueIdentifier>{4790dea1-6240-49a3-b95b-e0792b6d7a59}</UniqueIdentifier>
    </Filter>
    <Filter Include="Header Files\service\business_handle_service">
      <UniqueIdentifier>{3954ab60-af9f-4cb8-8ee5-8362a8e2b98c}</UniqueIdentifier>
    </Filter>
    <Filter Include="Source Files\service\db_service">
      <UniqueIdentifier>{d4211612-fdb5-4d14-85f6-c7f0b46fdea5}</UniqueIdentifier>
    </Filter>
    <Filter Include="Source Files\service\business_handle_service">
      <UniqueIdentifier>{eb0c52a1-fbfb-4e76-92f8-9dc1ef7ec1fe}</UniqueIdentifier>
    </Filter>
    <Filter Include="Header Files\util">
      <UniqueIdentifier>{6d584201-68d1-4b3a-893f-04b2819aace3}</UniqueIdentifier>
    </Filter>
    <Filter Include="Source Files\util">
      <UniqueIdentifier>{2e72f3c9-ca9a-44a3-9fa1-d7878ade63a4}</UniqueIdentifier>
    </Filter>
    <Filter Include="Header Files\service\business_handle_service\business_model">
      <UniqueIdentifier>{fa4680e1-4027-4d6b-8e1c-5e971114e1aa}</UniqueIdentifier>
    </Filter>
    <Filter Include="Source Files\service\business_handle_service\business_model">
      <UniqueIdentifier>{49d1f35f-914b-437c-9c93-d565f27a67da}</UniqueIdentifier>
    </Filter>
    <Filter Include="Source Files\ui\forms\log_viewer">
      <UniqueIdentifier>{cb79b47a-d6aa-48ec-b99c-701c68ef2921}</UniqueIdentifier>
    </Filter>
    <Filter Include="Header Files\ui\form_log_viewer">
      <UniqueIdentifier>{af86de0f-02ff-4648-aa9d-3ecbdd2c6a85}</UniqueIdentifier>
    </Filter>
    <Filter Include="Header Files\ui\table_model">
      <UniqueIdentifier>{a99f66a4-f0fa-494f-8c55-39696fa00a7c}</UniqueIdentifier>
    </Filter>
    <Filter Include="Source Files\ui\table_model">
      <UniqueIdentifier>{6de4f305-4687-433f-b776-09e26b0ebf54}</UniqueIdentifier>
    </Filter>
    <Filter Include="Header Files\ui\forms">
      <UniqueIdentifier>{772b8da0-76f1-4057-976e-0d323feb1109}</UniqueIdentifier>
    </Filter>
    <Filter Include="Header Files\version">
      <UniqueIdentifier>{74280388-37df-421f-b7fe-eefb6915b373}</UniqueIdentifier>
    </Filter>
    <Filter Include="Header Files\registration">
      <UniqueIdentifier>{e02c5b0e-f1cc-4f71-a02b-f79e445a398e}</UniqueIdentifier>
    </Filter>
    <Filter Include="Source Files\registration">
      <UniqueIdentifier>{ebc33ea4-c45d-4408-8c40-54208e2852e0}</UniqueIdentifier>
    </Filter>
    <Filter Include="Source Files\service\db_service\mysql_db_service">
      <UniqueIdentifier>{6409c917-77cd-4273-9f11-49454517beed}</UniqueIdentifier>
    </Filter>
  </ItemGroup>
  <ItemGroup>
    <ClCompile Include="main.cpp">
      <Filter>Source Files</Filter>
    </ClCompile>
    <ClCompile Include="h2smonitorserver.cpp">
      <Filter>Source Files</Filter>
    </ClCompile>
    <ClCompile Include="GeneratedFiles\Debug\moc_h2smonitorserver.cpp">
      <Filter>Generated Files\Debug</Filter>
    </ClCompile>
    <ClCompile Include="GeneratedFiles\Release\moc_h2smonitorserver.cpp">
      <Filter>Generated Files\Release</Filter>
    </ClCompile>
    <ClCompile Include="GeneratedFiles\qrc_h2smonitorserver.cpp">
      <Filter>Generated Files</Filter>
    </ClCompile>
    <ClCompile Include="GeneratedFiles\Debug\moc_form_server_control_panel.cpp">
      <Filter>Generated Files\Debug</Filter>
    </ClCompile>
    <ClCompile Include="GeneratedFiles\Release\moc_form_server_control_panel.cpp">
      <Filter>Generated Files\Release</Filter>
    </ClCompile>
    <ClCompile Include="GeneratedFiles\Debug\moc_form_devices_container.cpp">
      <Filter>Generated Files\Debug</Filter>
    </ClCompile>
    <ClCompile Include="GeneratedFiles\Release\moc_form_devices_container.cpp">
      <Filter>Generated Files\Release</Filter>
    </ClCompile>
    <ClCompile Include="GeneratedFiles\Debug\moc_device_tree_node.cpp">
      <Filter>Generated Files\Debug</Filter>
    </ClCompile>
    <ClCompile Include="GeneratedFiles\Release\moc_device_tree_node.cpp">
      <Filter>Generated Files\Release</Filter>
    </ClCompile>
    <ClCompile Include="..\..\..\server\ui\tree_model\device_tree_node.cpp">
      <Filter>Source Files\ui\tree_model</Filter>
    </ClCompile>
    <ClCompile Include="GeneratedFiles\Debug\moc_device_tree_model.cpp">
      <Filter>Generated Files\Debug</Filter>
    </ClCompile>
    <ClCompile Include="GeneratedFiles\Release\moc_device_tree_model.cpp">
      <Filter>Generated Files\Release</Filter>
    </ClCompile>
    <ClCompile Include="..\..\..\server\ui\tree_model\device_tree_model.cpp">
      <Filter>Source Files\ui\tree_model</Filter>
    </ClCompile>
    <ClCompile Include="..\..\..\server\ui\form_devices_container.cpp">
      <Filter>Source Files\ui\forms</Filter>
    </ClCompile>
    <ClCompile Include="..\..\..\server\ui\form_server_control_panel.cpp">
      <Filter>Source Files\ui\forms</Filter>
    </ClCompile>
    <ClCompile Include="..\..\..\server\service\socket_service\socket_service.cpp">
      <Filter>Source Files\service\socket_service</Filter>
    </ClCompile>
    <ClCompile Include="..\..\..\cxxcommon\message\message_header.cpp">
      <Filter>Source Files\message</Filter>
    </ClCompile>
    <ClCompile Include="..\..\..\cxxcommon\dbg\stack_walker.cpp">
      <Filter>Source Files\dbg</Filter>
    </ClCompile>
    <ClCompile Include="..\..\..\cxxcommon\message\message.cpp">
      <Filter>Source Files\message</Filter>
    </ClCompile>
    <ClCompile Include="..\..\..\cxxcommon\message\message_body_factory.cpp">
      <Filter>Source Files\message</Filter>
    </ClCompile>
    <ClCompile Include="..\..\..\server\service\session_message_handler\message_handler_hub.cpp">
      <Filter>Source Files\message</Filter>
    </ClCompile>
    <ClCompile Include="..\..\..\server\service\service_hub.cpp">
      <Filter>Source Files\service</Filter>
    </ClCompile>
    <ClCompile Include="..\..\..\cxxcommon\message\io_bytearray.cpp">
      <Filter>Source Files\message</Filter>
    </ClCompile>
    <ClCompile Include="..\..\..\cxxcommon\dbg\dbg_logger.cpp">
      <Filter>Source Files\dbg</Filter>
    </ClCompile>
    <ClCompile Include="..\..\..\server\service\configuration_service\configuration_service.cpp">
      <Filter>Source Files\service\configuration_service</Filter>
    </ClCompile>
    <ClCompile Include="..\..\..\server\state_collector\path_collector.cpp">
      <Filter>Source Files\state_collector</Filter>
    </ClCompile>
    <ClCompile Include="..\..\..\server\service\log_service\log_service.cpp">
      <Filter>Source Files\service\log_service</Filter>
    </ClCompile>
    <ClCompile Include="..\..\..\cxxcommon\message\message_login.cpp">
      <Filter>Source Files\message</Filter>
    </ClCompile>
    <ClCompile Include="..\..\..\server\service\socket_service\tcp_session_message_handler_hub.cpp">
      <Filter>Source Files\service\socket_service</Filter>
    </ClCompile>
    <ClCompile Include="..\..\..\server\service\business_handle_service\business_handle_service.cpp">
      <Filter>Source Files\service\business_handle_service</Filter>
    </ClCompile>
    <ClCompile Include="..\..\..\server\service\db_service\db_service.cpp">
      <Filter>Source Files\service\db_service</Filter>
    </ClCompile>
    <ClCompile Include="..\..\..\cxxcommon\message\message_login_rep.cpp">
      <Filter>Source Files\message</Filter>
    </ClCompile>
    <ClCompile Include="..\..\..\server\service\task_service\task_service.cpp">
      <Filter>Source Files\service\task_service</Filter>
    </ClCompile>
    <ClCompile Include="..\..\..\cxxcommon\message\message_devices_list_item.cpp">
      <Filter>Source Files\message</Filter>
    </ClCompile>
    <ClCompile Include="..\..\..\cxxcommon\message\message_error_info.cpp">
      <Filter>Source Files\message</Filter>
    </ClCompile>
    <ClCompile Include="..\..\..\cxxcommon\message\message_get_device_list_rep.cpp">
      <Filter>Source Files\message</Filter>
    </ClCompile>
    <ClCompile Include="..\..\..\cxxcommon\message\message_device_realtime_data.cpp">
      <Filter>Source Files\message</Filter>
    </ClCompile>
    <ClCompile Include="..\..\..\cxxcommon\message\message_broadcast_device_realtime_data.cpp">
      <Filter>Source Files\message</Filter>
    </ClCompile>
    <ClCompile Include="..\..\..\cxxcommon\message\message_device_item_info.cpp">
      <Filter>Source Files\message</Filter>
    </ClCompile>
    <ClCompile Include="..\..\..\cxxcommon\message\message_get_devices_info_rep.cpp">
      <Filter>Source Files\message</Filter>
    </ClCompile>
    <ClCompile Include="..\..\..\cxxcommon\util\global_util.cpp">
      <Filter>Source Files\util</Filter>
    </ClCompile>
    <ClCompile Include="..\..\..\server\service\business_handle_service\business_model\rig.cpp">
      <Filter>Source Files\service\business_handle_service\business_model</Filter>
    </ClCompile>
    <ClCompile Include="..\..\..\server\service\business_handle_service\business_model\device.cpp">
      <Filter>Source Files\service\business_handle_service\business_model</Filter>
    </ClCompile>
    <ClCompile Include="..\..\..\server\service\business_handle_service\business_model\oil_field.cpp">
      <Filter>Source Files\service\business_handle_service\business_model</Filter>
    </ClCompile>
    <ClCompile Include="..\..\..\server\service\business_handle_service\business_model\user.cpp">
      <Filter>Source Files\service\business_handle_service\business_model</Filter>
    </ClCompile>
    <ClCompile Include="..\..\..\server\service\business_handle_service\business_model\business_model.cpp">
      <Filter>Source Files\service\business_handle_service\business_model</Filter>
    </ClCompile>
    <ClCompile Include="..\..\..\cxxcommon\message\message_device_id.cpp">
      <Filter>Source Files\message</Filter>
    </ClCompile>
    <ClCompile Include="..\..\..\cxxcommon\message\message_get_devices_info_req.cpp">
      <Filter>Source Files\message</Filter>
    </ClCompile>
    <ClCompile Include="..\..\..\cxxcommon\message\message_unrecognized_body_type.cpp">
      <Filter>Source Files\message</Filter>
    </ClCompile>
    <ClCompile Include="GeneratedFiles\Debug\moc_form_log_viewer.cpp">
      <Filter>Generated Files\Debug</Filter>
    </ClCompile>
    <ClCompile Include="GeneratedFiles\Release\moc_form_log_viewer.cpp">
      <Filter>Generated Files\Release</Filter>
    </ClCompile>
    <ClCompile Include="..\..\..\server\service\socket_service\tcp_session.cpp">
      <Filter>Source Files\service\socket_service</Filter>
    </ClCompile>
    <ClCompile Include="..\..\..\server\ui\form_log_viewer.cpp">
      <Filter>Source Files\ui\forms\log_viewer</Filter>
    </ClCompile>
    <ClCompile Include="..\..\..\cxxcommon\message\message_set_device_param.cpp">
      <Filter>Source Files\message</Filter>
    </ClCompile>
    <ClCompile Include="..\..\..\cxxcommon\message\message_get_device_online_status.cpp">
      <Filter>Source Files\message</Filter>
    </ClCompile>
    <ClCompile Include="..\..\..\cxxcommon\message\message_get_device_online_status_rep.cpp">
      <Filter>Source Files\message</Filter>
    </ClCompile>
    <ClCompile Include="..\..\..\cxxcommon\message\message_get_device_online_status_rep_item.cpp">
      <Filter>Source Files\message</Filter>
    </ClCompile>
    <ClCompile Include="..\..\..\cxxcommon\message\message_broadcast_device_online_status.cpp">
      <Filter>Source Files\message</Filter>
    </ClCompile>
    <ClCompile Include="GeneratedFiles\Debug\moc_device_table_model.cpp">
      <Filter>Generated Files\Debug</Filter>
    </ClCompile>
    <ClCompile Include="GeneratedFiles\Release\moc_device_table_model.cpp">
      <Filter>Generated Files\Release</Filter>
    </ClCompile>
    <ClCompile Include="GeneratedFiles\Debug\moc_device_tree.cpp">
      <Filter>Generated Files\Debug</Filter>
    </ClCompile>
    <ClCompile Include="GeneratedFiles\Release\moc_device_tree.cpp">
      <Filter>Generated Files\Release</Filter>
    </ClCompile>
    <ClCompile Include="..\..\..\server\ui\table_model\device_table_model.cpp">
      <Filter>Source Files\ui\forms</Filter>
    </ClCompile>
    <ClCompile Include="..\..\..\server\ui\tree_model\device_tree.cpp">
      <Filter>Source Files\ui\tree_model</Filter>
    </ClCompile>
    <ClCompile Include="GeneratedFiles\Debug\moc_form_rig_detail.cpp">
      <Filter>Generated Files\Debug</Filter>
    </ClCompile>
    <ClCompile Include="GeneratedFiles\Release\moc_form_rig_detail.cpp">
      <Filter>Generated Files\Release</Filter>
    </ClCompile>
    <ClCompile Include="..\..\..\server\ui\form_rig_detail.cpp">
      <Filter>Source Files\ui\forms</Filter>
    </ClCompile>
    <ClCompile Include="..\..\..\server\ui\form_rig_device_detail.cpp">
      <Filter>Source Files\ui\forms</Filter>
    </ClCompile>
    <ClCompile Include="GeneratedFiles\Debug\moc_form_rig_device_detail.cpp">
      <Filter>Generated Files\Debug</Filter>
    </ClCompile>
    <ClCompile Include="GeneratedFiles\Release\moc_form_rig_device_detail.cpp">
      <Filter>Generated Files\Release</Filter>
    </ClCompile>
    <ClCompile Include="GeneratedFiles\Debug\moc_user_table_model.cpp">
      <Filter>Generated Files\Debug</Filter>
    </ClCompile>
    <ClCompile Include="GeneratedFiles\Release\moc_user_table_model.cpp">
      <Filter>Generated Files\Release</Filter>
    </ClCompile>
    <ClCompile Include="GeneratedFiles\Debug\moc_structs.cpp">
      <Filter>Generated Files\Debug</Filter>
    </ClCompile>
    <ClCompile Include="GeneratedFiles\Release\moc_structs.cpp">
      <Filter>Generated Files\Release</Filter>
    </ClCompile>
    <ClCompile Include="GeneratedFiles\Debug\moc_rig.cpp">
      <Filter>Generated Files\Debug</Filter>
    </ClCompile>
    <ClCompile Include="GeneratedFiles\Release\moc_rig.cpp">
      <Filter>Generated Files\Release</Filter>
    </ClCompile>
    <ClCompile Include="..\..\..\server\registration\yxyDES2.cpp">
      <Filter>Source Files\registration</Filter>
    </ClCompile>
    <ClCompile Include="..\..\..\server\registration\registration.cpp">
      <Filter>Source Files\registration</Filter>
    </ClCompile>
    <ClCompile Include="GeneratedFiles\Debug\moc_form_registration.cpp">
      <Filter>Generated Files\Debug</Filter>
    </ClCompile>
    <ClCompile Include="GeneratedFiles\Release\moc_form_registration.cpp">
      <Filter>Generated Files\Release</Filter>
    </ClCompile>
    <ClCompile Include="..\..\..\server\ui\form_registration.cpp">
      <Filter>Source Files\ui\forms</Filter>
    </ClCompile>
    <ClCompile Include="..\..\..\cxxcommon\message\message_heartbeat.cpp">
      <Filter>Source Files\message</Filter>
    </ClCompile>
    <ClCompile Include="..\..\..\server\ui\table_model\user_table_model.cpp">
      <Filter>Source Files\ui\table_model</Filter>
    </ClCompile>
    <ClCompile Include="..\..\..\cxxcommon\message\message_server_time_beijing.cpp">
      <Filter>Source Files\message</Filter>
    </ClCompile>
    <ClCompile Include="..\..\..\cxxcommon\message\message_device_data_item.cpp">
      <Filter>Source Files\message</Filter>
    </ClCompile>
    <ClCompile Include="..\..\..\cxxcommon\message\message_get_device_data_count_rep.cpp">
      <Filter>Source Files\message</Filter>
    </ClCompile>
    <ClCompile Include="..\..\..\cxxcommon\message\message_get_device_data_count_req.cpp">
      <Filter>Source Files\message</Filter>
    </ClCompile>
    <ClCompile Include="..\..\..\cxxcommon\message\message_get_device_data_rep.cpp">
      <Filter>Source Files\message</Filter>
    </ClCompile>
    <ClCompile Include="..\..\..\cxxcommon\message\message_get_device_data_req.cpp">
      <Filter>Source Files\message</Filter>
    </ClCompile>
    <ClCompile Include="..\..\..\cxxcommon\message\message_device_realtime_batched_data.cpp">
      <Filter>Source Files\message</Filter>
    </ClCompile>
    <ClCompile Include="..\..\..\cxxcommon\message\message_device_realtime_data_item.cpp">
      <Filter>Source Files\message</Filter>
    </ClCompile>
    <ClCompile Include="windows_service_entry.cpp">
      <Filter>Source Files</Filter>
    </ClCompile>
    <ClCompile Include="GeneratedFiles\Debug\moc_mydatabase.cpp">
      <Filter>Generated Files\Debug</Filter>
    </ClCompile>
    <ClCompile Include="GeneratedFiles\Release\moc_mydatabase.cpp">
      <Filter>Generated Files\Release</Filter>
    </ClCompile>
    <ClCompile Include="..\..\..\server\service\db_service\mydatabase.cpp">
      <Filter>Source Files\service\db_service\mysql_db_service</Filter>
    </ClCompile>
    <ClCompile Include="..\..\..\server\service\db_service\connectionpool.cpp">
      <Filter>Source Files\service\db_service\mysql_db_service</Filter>
    </ClCompile>
  </ItemGroup>
  <ItemGroup>
    <CustomBuild Include="h2smonitorserver.h">
      <Filter>Header Files</Filter>
    </CustomBuild>
    <CustomBuild Include="h2smonitorserver.ui">
      <Filter>Form Files</Filter>
    </CustomBuild>
    <CustomBuild Include="h2smonitorserver.qrc">
      <Filter>Resource Files</Filter>
    </CustomBuild>
    <CustomBuild Include="..\..\..\server\ui\tree_model\device_tree_node.h">
      <Filter>Header Files\ui\tree_model</Filter>
    </CustomBuild>
    <CustomBuild Include="..\..\..\server\ui\tree_model\device_tree_model.h">
      <Filter>Header Files\ui\tree_model</Filter>
    </CustomBuild>
    <CustomBuild Include="..\..\..\server\ui\form_log_viewer.h">
      <Filter>Header Files\ui\form_log_viewer</Filter>
    </CustomBuild>
    <CustomBuild Include="..\..\..\cxxcommon\util\sync_cond_queue.h">
      <Filter>Header Files\util</Filter>
    </CustomBuild>
    <CustomBuild Include="..\..\..\server\ui\table_model\device_table_model.h">
      <Filter>Header Files\ui\table_model</Filter>
    </CustomBuild>
    <CustomBuild Include="..\..\..\server\ui\tree_model\device_tree.h">
      <Filter>Header Files\ui\tree_model</Filter>
    </CustomBuild>
    <CustomBuild Include="..\..\..\server\ui\form_devices_container.h">
      <Filter>Header Files\ui\forms</Filter>
    </CustomBuild>
    <CustomBuild Include="..\..\..\server\ui\form_rig_detail.h">
      <Filter>Header Files\ui\forms</Filter>
    </CustomBuild>
    <CustomBuild Include="..\..\..\server\ui\form_server_control_panel.h">
      <Filter>Header Files\ui\forms</Filter>
    </CustomBuild>
    <CustomBuild Include="..\..\..\server\ui\form_rig_device_detail.h">
      <Filter>Header Files\ui\forms</Filter>
    </CustomBuild>
    <CustomBuild Include="..\..\..\server\ui\table_model\user_table_model.h">
      <Filter>Header Files\ui\table_model</Filter>
    </CustomBuild>
    <CustomBuild Include="..\..\..\server\structs\structs.h">
      <Filter>Header Files\structs</Filter>
    </CustomBuild>
    <CustomBuild Include="..\..\..\server\service\business_handle_service\business_model\rig.h">
      <Filter>Header Files\service\business_handle_service\business_model</Filter>
    </CustomBuild>
    <CustomBuild Include="..\..\..\server\registration\registration.h">
      <Filter>Header Files\registration</Filter>
    </CustomBuild>
    <CustomBuild Include="..\..\..\server\ui\form_registration.h">
      <Filter>Header Files\ui\forms</Filter>
    </CustomBuild>
    <CustomBuild Include="resource.h">
      <Filter>Header Files</Filter>
    </CustomBuild>
    <CustomBuild Include="..\..\..\server\service\i_service.h">
      <Filter>Header Files\service</Filter>
    </CustomBuild>
    <CustomBuild Include="..\..\..\server\service\service_hub.h">
      <Filter>Header Files\service</Filter>
    </CustomBuild>
    <CustomBuild Include="..\..\..\server\service\socket_service\i_tcp_session_message_handler.h">
      <Filter>Header Files\service\socket_service</Filter>
    </CustomBuild>
    <CustomBuild Include="..\..\..\server\service\socket_service\i_tcp_session_participant.h">
      <Filter>Header Files\service\socket_service</Filter>
    </CustomBuild>
    <CustomBuild Include="..\..\..\server\service\socket_service\socket_service.h">
      <Filter>Header Files\service\socket_service</Filter>
    </CustomBuild>
    <CustomBuild Include="..\..\..\server\service\socket_service\tcp_session_group.h">
      <Filter>Header Files\service\socket_service</Filter>
    </CustomBuild>
    <CustomBuild Include="..\..\..\server\service\socket_service\tcp_server.h">
      <Filter>Header Files\service\socket_service</Filter>
    </CustomBuild>
    <CustomBuild Include="..\..\..\server\service\socket_service\tcp_session.h">
      <Filter>Header Files\service\socket_service</Filter>
    </CustomBuild>
    <CustomBuild Include="..\..\..\server\service\socket_service\tcp_session_message_handler_hub.h">
      <Filter>Header Files\service\socket_service</Filter>
    </CustomBuild>
    <CustomBuild Include="..\..\..\server\service\session_message_handler\i_message_handler.h">
      <Filter>Header Files\service\session_message_handler</Filter>
    </CustomBuild>
    <CustomBuild Include="..\..\..\server\service\session_message_handler\message_handler_hub.h">
      <Filter>Header Files\service\session_message_handler</Filter>
    </CustomBuild>
    <CustomBuild Include="..\..\..\server\service\task_service\task_service.h">
      <Filter>Header Files\service\task_service</Filter>
    </CustomBuild>
    <CustomBuild Include="..\..\..\server\service\log_service\log_service.h">
      <Filter>Header Files\service\log_service</Filter>
    </CustomBuild>
    <CustomBuild Include="..\..\..\server\service\configuration_service\configuration_service.h">
      <Filter>Header Files\service\configuration_service</Filter>
    </CustomBuild>
    <CustomBuild Include="..\..\..\server\service\db_service\db_service.h">
      <Filter>Header Files\service\db_service</Filter>
    </CustomBuild>
    <CustomBuild Include="..\..\..\server\service\business_handle_service\business_handle_service.h">
      <Filter>Header Files\service\business_handle_service</Filter>
    </CustomBuild>
    <CustomBuild Include="..\..\..\server\service\business_handle_service\business_model\business_model.h">
      <Filter>Header Files\service\business_handle_service\business_model</Filter>
    </CustomBuild>
    <CustomBuild Include="..\..\..\server\service\business_handle_service\business_model\device.h">
      <Filter>Header Files\service\business_handle_service\business_model</Filter>
    </CustomBuild>
    <CustomBuild Include="..\..\..\server\service\business_handle_service\business_model\oil_field.h">
      <Filter>Header Files\service\business_handle_service\business_model</Filter>
    </CustomBuild>
    <CustomBuild Include="..\..\..\server\service\business_handle_service\business_model\user.h">
      <Filter>Header Files\service\business_handle_service\business_model</Filter>
    </CustomBuild>
    <CustomBuild Include="..\..\..\cxxcommon\protocol\protocol_data_desc.h">
      <Filter>Header Files\protocol</Filter>
    </CustomBuild>
    <CustomBuild Include="..\..\..\cxxcommon\protocol\protocol_cmd.h">
      <Filter>Header Files\protocol</Filter>
    </CustomBuild>
    <CustomBuild Include="..\..\..\cxxcommon\protocol\protocol_data_type.h">
      <Filter>Header Files\protocol</Filter>
    </CustomBuild>
    <CustomBuild Include="..\..\..\cxxcommon\protocol\protocol_structs.h">
      <Filter>Header Files\protocol</Filter>
    </CustomBuild>
    <CustomBuild Include="..\..\..\server\state_collector\path_collector.h">
      <Filter>Header Files\state_collector</Filter>
    </CustomBuild>
    <CustomBuild Include="..\..\..\cxxcommon\message\io_bytearray.h">
      <Filter>Header Files\message</Filter>
    </CustomBuild>
    <CustomBuild Include="..\..\..\cxxcommon\message\i_message.h">
      <Filter>Header Files\message</Filter>
    </CustomBuild>
    <CustomBuild Include="..\..\..\cxxcommon\message\message.h">
      <Filter>Header Files\message</Filter>
    </CustomBuild>
    <CustomBuild Include="..\..\..\cxxcommon\message\message_body_factory.h">
      <Filter>Header Files\message</Filter>
    </CustomBuild>
    <CustomBuild Include="..\..\..\cxxcommon\message\message_broadcast_device_online_status.h">
      <Filter>Header Files\message</Filter>
    </CustomBuild>
    <CustomBuild Include="..\..\..\cxxcommon\message\message_broadcast_device_realtime_data.h">
      <Filter>Header Files\message</Filter>
    </CustomBuild>
    <CustomBuild Include="..\..\..\cxxcommon\message\message_devices_list_item.h">
      <Filter>Header Files\message</Filter>
    </CustomBuild>
    <CustomBuild Include="..\..\..\cxxcommon\message\message_device_id.h">
      <Filter>Header Files\message</Filter>
    </CustomBuild>
    <CustomBuild Include="..\..\..\cxxcommon\message\message_device_item_info.h">
      <Filter>Header Files\message</Filter>
    </CustomBuild>
    <CustomBuild Include="..\..\..\cxxcommon\message\message_device_realtime_data.h">
      <Filter>Header Files\message</Filter>
    </CustomBuild>
    <CustomBuild Include="..\..\..\cxxcommon\message\message_error_info.h">
      <Filter>Header Files\message</Filter>
    </CustomBuild>
    <CustomBuild Include="..\..\..\cxxcommon\message\message_get_devices_info_rep.h">
      <Filter>Header Files\message</Filter>
    </CustomBuild>
    <CustomBuild Include="..\..\..\cxxcommon\message\message_get_devices_info_req.h">
      <Filter>Header Files\message</Filter>
    </CustomBuild>
    <CustomBuild Include="..\..\..\cxxcommon\message\message_get_device_list_rep.h">
      <Filter>Header Files\message</Filter>
    </CustomBuild>
    <CustomBuild Include="..\..\..\cxxcommon\message\message_get_device_online_status.h">
      <Filter>Header Files\message</Filter>
    </CustomBuild>
    <CustomBuild Include="..\..\..\cxxcommon\message\message_get_device_online_status_rep.h">
      <Filter>Header Files\message</Filter>
    </CustomBuild>
    <CustomBuild Include="..\..\..\cxxcommon\message\message_get_device_online_status_rep_item.h">
      <Filter>Header Files\message</Filter>
    </CustomBuild>
    <CustomBuild Include="..\..\..\cxxcommon\message\message_header.h">
      <Filter>Header Files\message</Filter>
    </CustomBuild>
    <CustomBuild Include="..\..\..\cxxcommon\message\message_login.h">
      <Filter>Header Files\message</Filter>
    </CustomBuild>
    <CustomBuild Include="..\..\..\cxxcommon\message\message_login_rep.h">
      <Filter>Header Files\message</Filter>
    </CustomBuild>
    <CustomBuild Include="..\..\..\cxxcommon\message\message_set_device_param.h">
      <Filter>Header Files\message</Filter>
    </CustomBuild>
    <CustomBuild Include="..\..\..\cxxcommon\message\message_unrecognized_body_type.h">
      <Filter>Header Files\message</Filter>
    </CustomBuild>
    <CustomBuild Include="..\..\..\cxxcommon\dbg\dbg_logger.h">
      <Filter>Header Files\dbg</Filter>
    </CustomBuild>
    <CustomBuild Include="..\..\..\cxxcommon\dbg\stack_walker.h">
      <Filter>Header Files\dbg</Filter>
    </CustomBuild>
    <CustomBuild Include="..\..\..\cxxcommon\util\global_enum.h">
      <Filter>Header Files\util</Filter>
    </CustomBuild>
    <CustomBuild Include="..\..\..\cxxcommon\util\global_util.h">
      <Filter>Header Files\util</Filter>
    </CustomBuild>
    <CustomBuild Include="..\..\..\server\version\version.h">
      <Filter>Header Files\version</Filter>
    </CustomBuild>
    <CustomBuild Include="..\..\..\server\registration\diskid32.h">
      <Filter>Header Files\registration</Filter>
    </CustomBuild>
    <CustomBuild Include="..\..\..\server\registration\yxyDES2.h">
      <Filter>Header Files\registration</Filter>
    </CustomBuild>
    <CustomBuild Include="Resources\qss\application_common_style.qss">
      <Filter>Resource Files\qss</Filter>
    </CustomBuild>
    <CustomBuild Include="Resources\qss\form_devices_container.qss">
      <Filter>Resource Files\qss</Filter>
    </CustomBuild>
    <CustomBuild Include="Resources\qss\form_device_detail.qss">
      <Filter>Resource Files\qss</Filter>
    </CustomBuild>
    <CustomBuild Include="Resources\qss\form_log_viewer.qss">
      <Filter>Resource Files\qss</Filter>
    </CustomBuild>
    <CustomBuild Include="Resources\qss\form_registration.qss">
      <Filter>Resource Files\qss</Filter>
    </CustomBuild>
    <CustomBuild Include="Resources\qss\form_server_control_panel.qss">
      <Filter>Resource Files\qss</Filter>
    </CustomBuild>
    <CustomBuild Include="GeneratedFiles\ui_h2smonitorserver.h">
      <Filter>Generated Files</Filter>
    </CustomBuild>
    <CustomBuild Include="..\..\..\server\service\db_service\mydatabase.h">
      <Filter>Source Files\service\db_service\mysql_db_service</Filter>
    </CustomBuild>
  </ItemGroup>
  <ItemGroup>
    <ResourceCompile Include="Version.rc">
      <Filter>Resource Files</Filter>
    </ResourceCompile>
  </ItemGroup>
  <ItemGroup>
    <ClInclude Include="..\..\..\cxxcommon\message\message_heartbeat.h">
      <Filter>Header Files\message</Filter>
    </ClInclude>
    <ClInclude Include="..\..\..\cxxcommon\message\message_server_time_beijing.h">
      <Filter>Header Files\message</Filter>
    </ClInclude>
    <ClInclude Include="..\..\..\cxxcommon\message\message_get_device_data_count_req.h">
      <Filter>Header Files\message</Filter>
    </ClInclude>
    <ClInclude Include="..\..\..\cxxcommon\message\message_get_device_data_count_rep.h">
      <Filter>Header Files\message</Filter>
    </ClInclude>
    <ClInclude Include="..\..\..\cxxcommon\message\message_get_device_data_req.h">
      <Filter>Header Files\message</Filter>
    </ClInclude>
    <ClInclude Include="..\..\..\cxxcommon\message\message_device_data_item.h">
      <Filter>Header Files\message</Filter>
    </ClInclude>
    <ClInclude Include="..\..\..\cxxcommon\message\message_get_device_data_rep.h">
      <Filter>Header Files\message</Filter>
    </ClInclude>
    <ClInclude Include="..\..\..\cxxcommon\message\message_device_realtime_data_item.h">
      <Filter>Header Files\message</Filter>
    </ClInclude>
    <ClInclude Include="..\..\..\cxxcommon\message\message_device_realtime_batched_data.h">
      <Filter>Header Files\message</Filter>
    </ClInclude>
    <ClInclude Include="windows_service_entry.h">
      <Filter>Header Files</Filter>
    </ClInclude>
    <ClInclude Include="..\..\..\server\service\db_service\connectionpool.h">
      <Filter>Source Files\service\db_service\mysql_db_service</Filter>
    </ClInclude>
  </ItemGroup>
</Project>